
Microsoft Visual Studio Solution File, Format Version 12.00
# Visual Studio Version 16
VisualStudioVersion = 16.0.30804.86
MinimumVisualStudioVersion = 10.0.40219.1
Project("{9A19103F-16F7-4668-BE54-9A1E7A4F7556}") = "MessagePipe", "src\MessagePipe\MessagePipe.csproj", "{D94EF9D4-3CC2-4420-8D0B-25957E7C5309}"
EndProject
Project("{2150E333-8FDC-42A3-9474-1A3956D46DE8}") = "src", "src", "{381F6F79-110B-4CE4-9A49-583046D8C164}"
EndProject
Project("{2150E333-8FDC-42A3-9474-1A3956D46DE8}") = "sandbox", "sandbox", "{9813BFC3-7860-4697-A3AF-118BDF710BD0}"
EndProject
Project("{9A19103F-16F7-4668-BE54-9A1E7A4F7556}") = "MessagePipe.Sandbox.ConsoleApp", "sandbox\MessagePipe.Sandbox.ConsoleApp\MessagePipe.Sandbox.ConsoleApp.csproj", "{BEFA1E77-266B-4F35-8892-935729D4A07F}"
EndProject
Project("{2150E333-8FDC-42A3-9474-1A3956D46DE8}") = "tests", "tests", "{36546FD6-866F-4809-AFCE-87F7F4201361}"
EndProject
Project("{9A19103F-16F7-4668-BE54-9A1E7A4F7556}") = "MessagePipe.Tests", "tests\MessagePipe.Tests\MessagePipe.Tests.csproj", "{BC6D3323-B70E-49A1-9360-0E09D8C2851B}"
EndProject
Project("{9A19103F-16F7-4668-BE54-9A1E7A4F7556}") = "MessagePipe.Redis", "src\MessagePipe.Redis\MessagePipe.Redis.csproj", "{F8F7655B-50D0-4487-93BD-66F3BD7FB736}"
EndProject
Project("{9A19103F-16F7-4668-BE54-9A1E7A4F7556}") = "MessagePipe.Benchmark", "tests\MessagePipe.Benchmark\MessagePipe.Benchmark.csproj", "{1DD3A001-BB03-4192-892C-92B298E79E68}"
EndProject
Project("{2150E333-8FDC-42A3-9474-1A3956D46DE8}") = "tools", "tools", "{7946AB0F-638C-4D40-BB01-1EC790B0E921}"
EndProject
Project("{9A19103F-16F7-4668-BE54-9A1E7A4F7556}") = "PostBuildUtility", "tools\PostBuildUtility\PostBuildUtility.csproj", "{7C720CA5-C5F6-4B23-B4DD-4E98FF22111F}"
EndProject
Project("{FAE04EC0-301F-11D3-BF4B-00C04F79EFBC}") = "MessagePipe.Redis.Tests", "tests\MessagePipe.Redis.Tests\MessagePipe.Redis.Tests.csproj", "{0C4DDD4B-8DCE-48EB-B309-39132313C3AB}"
EndProject
Global
	GlobalSection(SolutionConfigurationPlatforms) = preSolution
		Debug|Any CPU = Debug|Any CPU
		Release|Any CPU = Release|Any CPU
		WinBenchmark|Any CPU = WinBenchmark|Any CPU
	EndGlobalSection
	GlobalSection(ProjectConfigurationPlatforms) = postSolution
		{D94EF9D4-3CC2-4420-8D0B-25957E7C5309}.Debug|Any CPU.ActiveCfg = Debug|Any CPU
		{D94EF9D4-3CC2-4420-8D0B-25957E7C5309}.Debug|Any CPU.Build.0 = Debug|Any CPU
		{D94EF9D4-3CC2-4420-8D0B-25957E7C5309}.Release|Any CPU.ActiveCfg = Release|Any CPU
		{D94EF9D4-3CC2-4420-8D0B-25957E7C5309}.Release|Any CPU.Build.0 = Release|Any CPU
		{D94EF9D4-3CC2-4420-8D0B-25957E7C5309}.WinBenchmark|Any CPU.ActiveCfg = WinBenchmark|Any CPU
		{D94EF9D4-3CC2-4420-8D0B-25957E7C5309}.WinBenchmark|Any CPU.Build.0 = WinBenchmark|Any CPU
		{BEFA1E77-266B-4F35-8892-935729D4A07F}.Debug|Any CPU.ActiveCfg = Debug|Any CPU
		{BEFA1E77-266B-4F35-8892-935729D4A07F}.Debug|Any CPU.Build.0 = Debug|Any CPU
		{BEFA1E77-266B-4F35-8892-935729D4A07F}.Release|Any CPU.ActiveCfg = Release|Any CPU
		{BEFA1E77-266B-4F35-8892-935729D4A07F}.Release|Any CPU.Build.0 = Release|Any CPU
		{BEFA1E77-266B-4F35-8892-935729D4A07F}.WinBenchmark|Any CPU.ActiveCfg = WinBenchmark|Any CPU
		{BEFA1E77-266B-4F35-8892-935729D4A07F}.WinBenchmark|Any CPU.Build.0 = WinBenchmark|Any CPU
		{BC6D3323-B70E-49A1-9360-0E09D8C2851B}.Debug|Any CPU.ActiveCfg = Debug|Any CPU
		{BC6D3323-B70E-49A1-9360-0E09D8C2851B}.Debug|Any CPU.Build.0 = Debug|Any CPU
		{BC6D3323-B70E-49A1-9360-0E09D8C2851B}.Release|Any CPU.ActiveCfg = Release|Any CPU
		{BC6D3323-B70E-49A1-9360-0E09D8C2851B}.Release|Any CPU.Build.0 = Release|Any CPU
		{BC6D3323-B70E-49A1-9360-0E09D8C2851B}.WinBenchmark|Any CPU.ActiveCfg = WinBenchmark|Any CPU
		{BC6D3323-B70E-49A1-9360-0E09D8C2851B}.WinBenchmark|Any CPU.Build.0 = WinBenchmark|Any CPU
		{F8F7655B-50D0-4487-93BD-66F3BD7FB736}.Debug|Any CPU.ActiveCfg = Debug|Any CPU
		{F8F7655B-50D0-4487-93BD-66F3BD7FB736}.Debug|Any CPU.Build.0 = Debug|Any CPU
		{F8F7655B-50D0-4487-93BD-66F3BD7FB736}.Release|Any CPU.ActiveCfg = Release|Any CPU
		{F8F7655B-50D0-4487-93BD-66F3BD7FB736}.Release|Any CPU.Build.0 = Release|Any CPU
		{F8F7655B-50D0-4487-93BD-66F3BD7FB736}.WinBenchmark|Any CPU.ActiveCfg = WinBenchmark|Any CPU
		{F8F7655B-50D0-4487-93BD-66F3BD7FB736}.WinBenchmark|Any CPU.Build.0 = WinBenchmark|Any CPU
		{1DD3A001-BB03-4192-892C-92B298E79E68}.Debug|Any CPU.ActiveCfg = Debug|Any CPU
		{1DD3A001-BB03-4192-892C-92B298E79E68}.Debug|Any CPU.Build.0 = Debug|Any CPU
		{1DD3A001-BB03-4192-892C-92B298E79E68}.Release|Any CPU.ActiveCfg = Release|Any CPU
		{1DD3A001-BB03-4192-892C-92B298E79E68}.Release|Any CPU.Build.0 = Release|Any CPU
		{1DD3A001-BB03-4192-892C-92B298E79E68}.WinBenchmark|Any CPU.ActiveCfg = WinBenchmark|Any CPU
		{1DD3A001-BB03-4192-892C-92B298E79E68}.WinBenchmark|Any CPU.Build.0 = WinBenchmark|Any CPU
		{7C720CA5-C5F6-4B23-B4DD-4E98FF22111F}.Debug|Any CPU.ActiveCfg = Debug|Any CPU
		{7C720CA5-C5F6-4B23-B4DD-4E98FF22111F}.Debug|Any CPU.Build.0 = Debug|Any CPU
		{7C720CA5-C5F6-4B23-B4DD-4E98FF22111F}.Release|Any CPU.ActiveCfg = Release|Any CPU
		{7C720CA5-C5F6-4B23-B4DD-4E98FF22111F}.Release|Any CPU.Build.0 = Release|Any CPU
		{7C720CA5-C5F6-4B23-B4DD-4E98FF22111F}.WinBenchmark|Any CPU.ActiveCfg = WinBenchmark|Any CPU
		{7C720CA5-C5F6-4B23-B4DD-4E98FF22111F}.WinBenchmark|Any CPU.Build.0 = WinBenchmark|Any CPU
		{0C4DDD4B-8DCE-48EB-B309-39132313C3AB}.Debug|Any CPU.ActiveCfg = Debug|Any CPU
		{0C4DDD4B-8DCE-48EB-B309-39132313C3AB}.Debug|Any CPU.Build.0 = Debug|Any CPU
		{0C4DDD4B-8DCE-48EB-B309-39132313C3AB}.Release|Any CPU.ActiveCfg = Release|Any CPU
		{0C4DDD4B-8DCE-48EB-B309-39132313C3AB}.Release|Any CPU.Build.0 = Release|Any CPU
		{0C4DDD4B-8DCE-48EB-B309-39132313C3AB}.WinBenchmark|Any CPU.ActiveCfg = Debug|Any CPU
		{0C4DDD4B-8DCE-48EB-B309-39132313C3AB}.WinBenchmark|Any CPU.Build.0 = Debug|Any CPU
	EndGlobalSection
	GlobalSection(SolutionProperties) = preSolution
		HideSolutionNode = FALSE
	EndGlobalSection
	GlobalSection(NestedProjects) = preSolution
		{D94EF9D4-3CC2-4420-8D0B-25957E7C5309} = {381F6F79-110B-4CE4-9A49-583046D8C164}
		{BEFA1E77-266B-4F35-8892-935729D4A07F} = {9813BFC3-7860-4697-A3AF-118BDF710BD0}
		{BC6D3323-B70E-49A1-9360-0E09D8C2851B} = {36546FD6-866F-4809-AFCE-87F7F4201361}
		{F8F7655B-50D0-4487-93BD-66F3BD7FB736} = {381F6F79-110B-4CE4-9A49-583046D8C164}
		{1DD3A001-BB03-4192-892C-92B298E79E68} = {36546FD6-866F-4809-AFCE-87F7F4201361}
		{7C720CA5-C5F6-4B23-B4DD-4E98FF22111F} = {7946AB0F-638C-4D40-BB01-1EC790B0E921}
		{0C4DDD4B-8DCE-48EB-B309-39132313C3AB} = {36546FD6-866F-4809-AFCE-87F7F4201361}
	EndGlobalSection
	GlobalSection(ExtensibilityGlobals) = postSolution
		SolutionGuid = {138B7AA8-E4C0-46A3-A48B-0D373CAC365D}
	EndGlobalSection
EndGlobal
