
Microsoft Visual Studio Solution File, Format Version 12.00
# Visual Studio Version 16
VisualStudioVersion = 16.0.30804.86
MinimumVisualStudioVersion = 10.0.40219.1
Project("{FAE04EC0-301F-11D3-BF4B-00C04F79EFBC}") = "MessagePipe", "src\MessagePipe\MessagePipe.csproj", "{D94EF9D4-3CC2-4420-8D0B-25957E7C5309}"
EndProject
Global
	GlobalSection(SolutionConfigurationPlatforms) = preSolution
		Debug|Any CPU = Debug|Any CPU
		Release|Any CPU = Release|Any CPU
	EndGlobalSection
	GlobalSection(ProjectConfigurationPlatforms) = postSolution
		{D94EF9D4-3CC2-4420-8D0B-25957E7C5309}.Debug|Any CPU.ActiveCfg = Debug|Any CPU
		{D94EF9D4-3CC2-4420-8D0B-25957E7C5309}.Debug|Any CPU.Build.0 = Debug|Any CPU
		{D94EF9D4-3CC2-4420-8D0B-25957E7C5309}.Release|Any CPU.ActiveCfg = Release|Any CPU
		{D94EF9D4-3CC2-4420-8D0B-25957E7C5309}.Release|Any CPU.Build.0 = Release|Any CPU
	EndGlobalSection
	GlobalSection(SolutionProperties) = preSolution
		HideSolutionNode = FALSE
	EndGlobalSection
	GlobalSection(ExtensibilityGlobals) = postSolution
		SolutionGuid = {138B7AA8-E4C0-46A3-A48B-0D373CAC365D}
	EndGlobalSection
EndGlobal
