
Microsoft Visual Studio Solution File, Format Version 12.00
# Visual Studio 15
Project("{FAE04EC0-301F-11D3-BF4B-00C04F79EFBC}") = "Assembly-CSharp-firstpass", "Assembly-CSharp-firstpass.csproj", "{29A5BE42-8F4C-4B5D-CA88-38175365084F}"
EndProject
Project("{FAE04EC0-301F-11D3-BF4B-00C04F79EFBC}") = "Assembly-CSharp", "Assembly-CSharp.csproj", "{F1CA6C66-841D-F45F-BDEE-565F3682A621}"
EndProject
Global
	GlobalSection(SolutionConfigurationPlatforms) = preSolution
		Debug|Any CPU = Debug|Any CPU
		Release|Any CPU = Release|Any CPU
	EndGlobalSection
	GlobalSection(ProjectConfigurationPlatforms) = postSolution
		{29A5BE42-8F4C-4B5D-CA88-38175365084F}.Debug|Any CPU.ActiveCfg = Debug|Any CPU
		{29A5BE42-8F4C-4B5D-CA88-38175365084F}.Debug|Any CPU.Build.0 = Debug|Any CPU
		{29A5BE42-8F4C-4B5D-CA88-38175365084F}.Release|Any CPU.ActiveCfg = Release|Any CPU
		{29A5BE42-8F4C-4B5D-CA88-38175365084F}.Release|Any CPU.Build.0 = Release|Any CPU
		{F1CA6C66-841D-F45F-BDEE-565F3682A621}.Debug|Any CPU.ActiveCfg = Debug|Any CPU
		{F1CA6C66-841D-F45F-BDEE-565F3682A621}.Debug|Any CPU.Build.0 = Debug|Any CPU
		{F1CA6C66-841D-F45F-BDEE-565F3682A621}.Release|Any CPU.ActiveCfg = Release|Any CPU
		{F1CA6C66-841D-F45F-BDEE-565F3682A621}.Release|Any CPU.Build.0 = Release|Any CPU
	EndGlobalSection
	GlobalSection(SolutionProperties) = preSolution
		HideSolutionNode = FALSE
	EndGlobalSection
EndGlobal
